
Microsoft Visual Studio Solution File, Format Version 12.00
# Visual Studio Version 16
VisualStudioVersion = 16.0.28714.193
MinimumVisualStudioVersion = 10.0.40219.1
Project("{FAE04EC0-301F-11D3-BF4B-00C04F79EFBC}") = "ChuckNorrisAPI", "ChuckNorrisAPI\ChuckNorrisAPI.csproj", "{A2588F4B-B0E3-4ADA-9883-DE456407897E}"
EndProject
Project("{FAE04EC0-301F-11D3-BF4B-00C04F79EFBC}") = "ApiTester", "ApiTester\ApiTester.csproj", "{CB0C229D-D774-4895-A42F-F8015B5ED946}"
EndProject
Global
	GlobalSection(SolutionConfigurationPlatforms) = preSolution
		Debug|Any CPU = Debug|Any CPU
		Release|Any CPU = Release|Any CPU
	EndGlobalSection
	GlobalSection(ProjectConfigurationPlatforms) = postSolution
		{A2588F4B-B0E3-4ADA-9883-DE456407897E}.Debug|Any CPU.ActiveCfg = Debug|Any CPU
		{A2588F4B-B0E3-4ADA-9883-DE456407897E}.Debug|Any CPU.Build.0 = Debug|Any CPU
		{A2588F4B-B0E3-4ADA-9883-DE456407897E}.Release|Any CPU.ActiveCfg = Release|Any CPU
		{A2588F4B-B0E3-4ADA-9883-DE456407897E}.Release|Any CPU.Build.0 = Release|Any CPU
		{CB0C229D-D774-4895-A42F-F8015B5ED946}.Debug|Any CPU.ActiveCfg = Debug|Any CPU
		{CB0C229D-D774-4895-A42F-F8015B5ED946}.Debug|Any CPU.Build.0 = Debug|Any CPU
		{CB0C229D-D774-4895-A42F-F8015B5ED946}.Release|Any CPU.ActiveCfg = Release|Any CPU
		{CB0C229D-D774-4895-A42F-F8015B5ED946}.Release|Any CPU.Build.0 = Release|Any CPU
	EndGlobalSection
	GlobalSection(SolutionProperties) = preSolution
		HideSolutionNode = FALSE
	EndGlobalSection
	GlobalSection(ExtensibilityGlobals) = postSolution
		SolutionGuid = {CB83131B-F4F5-4901-9E3C-A3BD3AF6776C}
	EndGlobalSection
EndGlobal
